
Microsoft Visual Studio Solution File, Format Version 12.00
# Visual Studio Version 17
VisualStudioVersion = 17.3.32819.101
MinimumVisualStudioVersion = 10.0.40219.1
Project("{9A19103F-16F7-4668-BE54-9A1E7A4F7556}") = "EShop.ApiGateway", "EShop.ApiGateway\EShop.ApiGateway.csproj", "{E22CA545-13A4-4C8A-AF6B-79B4F29A41C8}"
EndProject
Project("{9A19103F-16F7-4668-BE54-9A1E7A4F7556}") = "EShop.User.Api", "EShop.User.Api\EShop.User.Api.csproj", "{E0635BF3-8AD2-4549-BA82-A266031F5453}"
EndProject
Project("{9A19103F-16F7-4668-BE54-9A1E7A4F7556}") = "EShop.Product.Api", "EShop.Product.Api\EShop.Product.Api.csproj", "{B59EAC84-67C4-42AA-9BCA-B4081D3FD818}"
EndProject
Project("{9A19103F-16F7-4668-BE54-9A1E7A4F7556}") = "EShop.Orders.Api", "EShop.Orders.Api\EShop.Orders.Api.csproj", "{615CDD48-426F-454F-BE68-BB2762F71917}"
EndProject
Project("{9A19103F-16F7-4668-BE54-9A1E7A4F7556}") = "EShop.Infra", "EShop.Infra\EShop.Infra.csproj", "{17CA514A-9076-48ED-8B70-8AE37AE2E88F}"
EndProject
Project("{9A19103F-16F7-4668-BE54-9A1E7A4F7556}") = "EShop.Product.Query.Api", "EShop.Product.Query.Api\EShop.Product.Query.Api.csproj", "{034C8562-0038-45B1-A020-49CBBCEC833C}"
EndProject
Project("{9A19103F-16F7-4668-BE54-9A1E7A4F7556}") = "EShop.Product.DataProvider", "EShop.Product.DataProvider\EShop.Product.DataProvider.csproj", "{BA6D5664-3D1C-4BB9-8901-B9CBA2803148}"
EndProject
Project("{FAE04EC0-301F-11D3-BF4B-00C04F79EFBC}") = "EShop.User.DataProvider", "EShop.User.DataProvider\EShop.User.DataProvider.csproj", "{E65C5F98-4A92-4C3A-BDC1-E0CE1D41B41E}"
EndProject
Project("{FAE04EC0-301F-11D3-BF4B-00C04F79EFBC}") = "EShop.User.Query.Api", "EShop.User.Query.Api\EShop.User.Query.Api.csproj", "{973548BB-8F9F-4FD1-8347-254EE08D56F2}"
EndProject
Global
	GlobalSection(SolutionConfigurationPlatforms) = preSolution
		Debug|Any CPU = Debug|Any CPU
		Release|Any CPU = Release|Any CPU
	EndGlobalSection
	GlobalSection(ProjectConfigurationPlatforms) = postSolution
		{E22CA545-13A4-4C8A-AF6B-79B4F29A41C8}.Debug|Any CPU.ActiveCfg = Debug|Any CPU
		{E22CA545-13A4-4C8A-AF6B-79B4F29A41C8}.Debug|Any CPU.Build.0 = Debug|Any CPU
		{E22CA545-13A4-4C8A-AF6B-79B4F29A41C8}.Release|Any CPU.ActiveCfg = Release|Any CPU
		{E22CA545-13A4-4C8A-AF6B-79B4F29A41C8}.Release|Any CPU.Build.0 = Release|Any CPU
		{E0635BF3-8AD2-4549-BA82-A266031F5453}.Debug|Any CPU.ActiveCfg = Debug|Any CPU
		{E0635BF3-8AD2-4549-BA82-A266031F5453}.Debug|Any CPU.Build.0 = Debug|Any CPU
		{E0635BF3-8AD2-4549-BA82-A266031F5453}.Release|Any CPU.ActiveCfg = Release|Any CPU
		{E0635BF3-8AD2-4549-BA82-A266031F5453}.Release|Any CPU.Build.0 = Release|Any CPU
		{B59EAC84-67C4-42AA-9BCA-B4081D3FD818}.Debug|Any CPU.ActiveCfg = Debug|Any CPU
		{B59EAC84-67C4-42AA-9BCA-B4081D3FD818}.Debug|Any CPU.Build.0 = Debug|Any CPU
		{B59EAC84-67C4-42AA-9BCA-B4081D3FD818}.Release|Any CPU.ActiveCfg = Release|Any CPU
		{B59EAC84-67C4-42AA-9BCA-B4081D3FD818}.Release|Any CPU.Build.0 = Release|Any CPU
		{615CDD48-426F-454F-BE68-BB2762F71917}.Debug|Any CPU.ActiveCfg = Debug|Any CPU
		{615CDD48-426F-454F-BE68-BB2762F71917}.Debug|Any CPU.Build.0 = Debug|Any CPU
		{615CDD48-426F-454F-BE68-BB2762F71917}.Release|Any CPU.ActiveCfg = Release|Any CPU
		{615CDD48-426F-454F-BE68-BB2762F71917}.Release|Any CPU.Build.0 = Release|Any CPU
		{17CA514A-9076-48ED-8B70-8AE37AE2E88F}.Debug|Any CPU.ActiveCfg = Debug|Any CPU
		{17CA514A-9076-48ED-8B70-8AE37AE2E88F}.Debug|Any CPU.Build.0 = Debug|Any CPU
		{17CA514A-9076-48ED-8B70-8AE37AE2E88F}.Release|Any CPU.ActiveCfg = Release|Any CPU
		{17CA514A-9076-48ED-8B70-8AE37AE2E88F}.Release|Any CPU.Build.0 = Release|Any CPU
		{034C8562-0038-45B1-A020-49CBBCEC833C}.Debug|Any CPU.ActiveCfg = Debug|Any CPU
		{034C8562-0038-45B1-A020-49CBBCEC833C}.Debug|Any CPU.Build.0 = Debug|Any CPU
		{034C8562-0038-45B1-A020-49CBBCEC833C}.Release|Any CPU.ActiveCfg = Release|Any CPU
		{034C8562-0038-45B1-A020-49CBBCEC833C}.Release|Any CPU.Build.0 = Release|Any CPU
		{BA6D5664-3D1C-4BB9-8901-B9CBA2803148}.Debug|Any CPU.ActiveCfg = Debug|Any CPU
		{BA6D5664-3D1C-4BB9-8901-B9CBA2803148}.Debug|Any CPU.Build.0 = Debug|Any CPU
		{BA6D5664-3D1C-4BB9-8901-B9CBA2803148}.Release|Any CPU.ActiveCfg = Release|Any CPU
		{BA6D5664-3D1C-4BB9-8901-B9CBA2803148}.Release|Any CPU.Build.0 = Release|Any CPU
		{E65C5F98-4A92-4C3A-BDC1-E0CE1D41B41E}.Debug|Any CPU.ActiveCfg = Debug|Any CPU
		{E65C5F98-4A92-4C3A-BDC1-E0CE1D41B41E}.Debug|Any CPU.Build.0 = Debug|Any CPU
		{E65C5F98-4A92-4C3A-BDC1-E0CE1D41B41E}.Release|Any CPU.ActiveCfg = Release|Any CPU
		{E65C5F98-4A92-4C3A-BDC1-E0CE1D41B41E}.Release|Any CPU.Build.0 = Release|Any CPU
		{973548BB-8F9F-4FD1-8347-254EE08D56F2}.Debug|Any CPU.ActiveCfg = Debug|Any CPU
		{973548BB-8F9F-4FD1-8347-254EE08D56F2}.Debug|Any CPU.Build.0 = Debug|Any CPU
		{973548BB-8F9F-4FD1-8347-254EE08D56F2}.Release|Any CPU.ActiveCfg = Release|Any CPU
		{973548BB-8F9F-4FD1-8347-254EE08D56F2}.Release|Any CPU.Build.0 = Release|Any CPU
	EndGlobalSection
	GlobalSection(SolutionProperties) = preSolution
		HideSolutionNode = FALSE
	EndGlobalSection
	GlobalSection(ExtensibilityGlobals) = postSolution
		SolutionGuid = {A5FF6376-1C79-4B4D-8C51-2B327AE8DC47}
	EndGlobalSection
EndGlobal
